
Microsoft Visual Studio Solution File, Format Version 12.00
# Visual Studio 14
VisualStudioVersion = 14.0.25420.1
MinimumVisualStudioVersion = 10.0.40219.1
Project("{2150E333-8FDC-42A3-9474-1A3956D46DE8}") = "TicTacToe", "TicTacToe", "{46E8E430-66FE-48F6-88C1-BB9AAEC284B7}"
EndProject
Project("{D954291E-2A0B-460D-934E-DC6B0785DB48}") = "TicTacToe.Shared", "TicTacToe\TicTacToe.Shared\TicTacToe.Shared.shproj", "{E2A146C9-7D1E-4E68-93D3-038C26A4178E}"
EndProject
Project("{FAE04EC0-301F-11D3-BF4B-00C04F79EFBC}") = "TicTacToe.Windows", "TicTacToe\TicTacToe.Windows\TicTacToe.Windows.csproj", "{7ECAFDFB-1606-48BA-B968-93B41436B9F6}"
EndProject
Project("{FAE04EC0-301F-11D3-BF4B-00C04F79EFBC}") = "TicTacToe.WindowsPhone", "TicTacToe\TicTacToe.WindowsPhone\TicTacToe.WindowsPhone.csproj", "{67F02D4A-3267-459E-A031-424A9B575C66}"
EndProject
Project("{FAE04EC0-301F-11D3-BF4B-00C04F79EFBC}") = "TicTacToeNoXAML", "TicTacToeNoXAML\TicTacToeNoXAML.csproj", "{4B856DFC-7CF3-4F5D-998B-B829ACA13F1F}"
EndProject
Global
	GlobalSection(SharedMSBuildProjectFiles) = preSolution
		TicTacToe\TicTacToe.Shared\TicTacToe.Shared.projitems*{67f02d4a-3267-459e-a031-424a9b575c66}*SharedItemsImports = 4
		TicTacToe\TicTacToe.Shared\TicTacToe.Shared.projitems*{7ecafdfb-1606-48ba-b968-93b41436b9f6}*SharedItemsImports = 4
		TicTacToe\TicTacToe.Shared\TicTacToe.Shared.projitems*{e2a146c9-7d1e-4e68-93d3-038c26a4178e}*SharedItemsImports = 13
	EndGlobalSection
	GlobalSection(SolutionConfigurationPlatforms) = preSolution
		Debug|Any CPU = Debug|Any CPU
		Debug|ARM = Debug|ARM
		Debug|x64 = Debug|x64
		Debug|x86 = Debug|x86
		Release|Any CPU = Release|Any CPU
		Release|ARM = Release|ARM
		Release|x64 = Release|x64
		Release|x86 = Release|x86
	EndGlobalSection
	GlobalSection(ProjectConfigurationPlatforms) = postSolution
		{7ECAFDFB-1606-48BA-B968-93B41436B9F6}.Debug|Any CPU.ActiveCfg = Debug|Any CPU
		{7ECAFDFB-1606-48BA-B968-93B41436B9F6}.Debug|Any CPU.Build.0 = Debug|Any CPU
		{7ECAFDFB-1606-48BA-B968-93B41436B9F6}.Debug|Any CPU.Deploy.0 = Debug|Any CPU
		{7ECAFDFB-1606-48BA-B968-93B41436B9F6}.Debug|ARM.ActiveCfg = Debug|ARM
		{7ECAFDFB-1606-48BA-B968-93B41436B9F6}.Debug|ARM.Build.0 = Debug|ARM
		{7ECAFDFB-1606-48BA-B968-93B41436B9F6}.Debug|ARM.Deploy.0 = Debug|ARM
		{7ECAFDFB-1606-48BA-B968-93B41436B9F6}.Debug|x64.ActiveCfg = Debug|x64
		{7ECAFDFB-1606-48BA-B968-93B41436B9F6}.Debug|x64.Build.0 = Debug|x64
		{7ECAFDFB-1606-48BA-B968-93B41436B9F6}.Debug|x64.Deploy.0 = Debug|x64
		{7ECAFDFB-1606-48BA-B968-93B41436B9F6}.Debug|x86.ActiveCfg = Debug|x86
		{7ECAFDFB-1606-48BA-B968-93B41436B9F6}.Debug|x86.Build.0 = Debug|x86
		{7ECAFDFB-1606-48BA-B968-93B41436B9F6}.Debug|x86.Deploy.0 = Debug|x86
		{7ECAFDFB-1606-48BA-B968-93B41436B9F6}.Release|Any CPU.ActiveCfg = Release|Any CPU
		{7ECAFDFB-1606-48BA-B968-93B41436B9F6}.Release|Any CPU.Build.0 = Release|Any CPU
		{7ECAFDFB-1606-48BA-B968-93B41436B9F6}.Release|Any CPU.Deploy.0 = Release|Any CPU
		{7ECAFDFB-1606-48BA-B968-93B41436B9F6}.Release|ARM.ActiveCfg = Release|ARM
		{7ECAFDFB-1606-48BA-B968-93B41436B9F6}.Release|ARM.Build.0 = Release|ARM
		{7ECAFDFB-1606-48BA-B968-93B41436B9F6}.Release|ARM.Deploy.0 = Release|ARM
		{7ECAFDFB-1606-48BA-B968-93B41436B9F6}.Release|x64.ActiveCfg = Release|x64
		{7ECAFDFB-1606-48BA-B968-93B41436B9F6}.Release|x64.Build.0 = Release|x64
		{7ECAFDFB-1606-48BA-B968-93B41436B9F6}.Release|x64.Deploy.0 = Release|x64
		{7ECAFDFB-1606-48BA-B968-93B41436B9F6}.Release|x86.ActiveCfg = Release|x86
		{7ECAFDFB-1606-48BA-B968-93B41436B9F6}.Release|x86.Build.0 = Release|x86
		{7ECAFDFB-1606-48BA-B968-93B41436B9F6}.Release|x86.Deploy.0 = Release|x86
		{67F02D4A-3267-459E-A031-424A9B575C66}.Debug|Any CPU.ActiveCfg = Debug|Any CPU
		{67F02D4A-3267-459E-A031-424A9B575C66}.Debug|Any CPU.Build.0 = Debug|Any CPU
		{67F02D4A-3267-459E-A031-424A9B575C66}.Debug|Any CPU.Deploy.0 = Debug|Any CPU
		{67F02D4A-3267-459E-A031-424A9B575C66}.Debug|ARM.ActiveCfg = Debug|ARM
		{67F02D4A-3267-459E-A031-424A9B575C66}.Debug|ARM.Build.0 = Debug|ARM
		{67F02D4A-3267-459E-A031-424A9B575C66}.Debug|ARM.Deploy.0 = Debug|ARM
		{67F02D4A-3267-459E-A031-424A9B575C66}.Debug|x64.ActiveCfg = Debug|Any CPU
		{67F02D4A-3267-459E-A031-424A9B575C66}.Debug|x64.Build.0 = Debug|Any CPU
		{67F02D4A-3267-459E-A031-424A9B575C66}.Debug|x64.Deploy.0 = Debug|Any CPU
		{67F02D4A-3267-459E-A031-424A9B575C66}.Debug|x86.ActiveCfg = Debug|x86
		{67F02D4A-3267-459E-A031-424A9B575C66}.Debug|x86.Build.0 = Debug|x86
		{67F02D4A-3267-459E-A031-424A9B575C66}.Debug|x86.Deploy.0 = Debug|x86
		{67F02D4A-3267-459E-A031-424A9B575C66}.Release|Any CPU.ActiveCfg = Release|Any CPU
		{67F02D4A-3267-459E-A031-424A9B575C66}.Release|Any CPU.Build.0 = Release|Any CPU
		{67F02D4A-3267-459E-A031-424A9B575C66}.Release|Any CPU.Deploy.0 = Release|Any CPU
		{67F02D4A-3267-459E-A031-424A9B575C66}.Release|ARM.ActiveCfg = Release|ARM
		{67F02D4A-3267-459E-A031-424A9B575C66}.Release|ARM.Build.0 = Release|ARM
		{67F02D4A-3267-459E-A031-424A9B575C66}.Release|ARM.Deploy.0 = Release|ARM
		{67F02D4A-3267-459E-A031-424A9B575C66}.Release|x64.ActiveCfg = Release|Any CPU
		{67F02D4A-3267-459E-A031-424A9B575C66}.Release|x64.Build.0 = Release|Any CPU
		{67F02D4A-3267-459E-A031-424A9B575C66}.Release|x64.Deploy.0 = Release|Any CPU
		{67F02D4A-3267-459E-A031-424A9B575C66}.Release|x86.ActiveCfg = Release|x86
		{67F02D4A-3267-459E-A031-424A9B575C66}.Release|x86.Build.0 = Release|x86
		{67F02D4A-3267-459E-A031-424A9B575C66}.Release|x86.Deploy.0 = Release|x86
		{4B856DFC-7CF3-4F5D-998B-B829ACA13F1F}.Debug|Any CPU.ActiveCfg = Debug|Any CPU
		{4B856DFC-7CF3-4F5D-998B-B829ACA13F1F}.Debug|Any CPU.Build.0 = Debug|Any CPU
		{4B856DFC-7CF3-4F5D-998B-B829ACA13F1F}.Debug|ARM.ActiveCfg = Debug|Any CPU
		{4B856DFC-7CF3-4F5D-998B-B829ACA13F1F}.Debug|ARM.Build.0 = Debug|Any CPU
		{4B856DFC-7CF3-4F5D-998B-B829ACA13F1F}.Debug|x64.ActiveCfg = Debug|Any CPU
		{4B856DFC-7CF3-4F5D-998B-B829ACA13F1F}.Debug|x64.Build.0 = Debug|Any CPU
		{4B856DFC-7CF3-4F5D-998B-B829ACA13F1F}.Debug|x86.ActiveCfg = Debug|Any CPU
		{4B856DFC-7CF3-4F5D-998B-B829ACA13F1F}.Debug|x86.Build.0 = Debug|Any CPU
		{4B856DFC-7CF3-4F5D-998B-B829ACA13F1F}.Release|Any CPU.ActiveCfg = Release|Any CPU
		{4B856DFC-7CF3-4F5D-998B-B829ACA13F1F}.Release|Any CPU.Build.0 = Release|Any CPU
		{4B856DFC-7CF3-4F5D-998B-B829ACA13F1F}.Release|ARM.ActiveCfg = Release|Any CPU
		{4B856DFC-7CF3-4F5D-998B-B829ACA13F1F}.Release|ARM.Build.0 = Release|Any CPU
		{4B856DFC-7CF3-4F5D-998B-B829ACA13F1F}.Release|x64.ActiveCfg = Release|Any CPU
		{4B856DFC-7CF3-4F5D-998B-B829ACA13F1F}.Release|x64.Build.0 = Release|Any CPU
		{4B856DFC-7CF3-4F5D-998B-B829ACA13F1F}.Release|x86.ActiveCfg = Release|Any CPU
		{4B856DFC-7CF3-4F5D-998B-B829ACA13F1F}.Release|x86.Build.0 = Release|Any CPU
	EndGlobalSection
	GlobalSection(SolutionProperties) = preSolution
		HideSolutionNode = FALSE
	EndGlobalSection
	GlobalSection(NestedProjects) = preSolution
		{E2A146C9-7D1E-4E68-93D3-038C26A4178E} = {46E8E430-66FE-48F6-88C1-BB9AAEC284B7}
		{7ECAFDFB-1606-48BA-B968-93B41436B9F6} = {46E8E430-66FE-48F6-88C1-BB9AAEC284B7}
		{67F02D4A-3267-459E-A031-424A9B575C66} = {46E8E430-66FE-48F6-88C1-BB9AAEC284B7}
	EndGlobalSection
EndGlobal
